
Microsoft Visual Studio Solution File, Format Version 12.00
# Visual Studio 15
VisualStudioVersion = 15.0.27428.2037
MinimumVisualStudioVersion = 10.0.40219.1
Project("{9A19103F-16F7-4668-BE54-9A1E7A4F7556}") = "WebAppExemple", "WebAppExemple\WebAppExemple.csproj", "{62B3237A-CDCA-4C37-B136-6261ED36E684}"
EndProject
Project("{FAE04EC0-301F-11D3-BF4B-00C04F79EFBC}") = "WebAppExemple.Model", "WebAppExemple.Model\WebAppExemple.Model.csproj", "{5FAAB4D3-D959-4BF2-958A-59C12EE56FED}"
EndProject
Global
	GlobalSection(SolutionConfigurationPlatforms) = preSolution
		Debug|Any CPU = Debug|Any CPU
		Release|Any CPU = Release|Any CPU
	EndGlobalSection
	GlobalSection(ProjectConfigurationPlatforms) = postSolution
		{62B3237A-CDCA-4C37-B136-6261ED36E684}.Debug|Any CPU.ActiveCfg = Debug|Any CPU
		{62B3237A-CDCA-4C37-B136-6261ED36E684}.Debug|Any CPU.Build.0 = Debug|Any CPU
		{62B3237A-CDCA-4C37-B136-6261ED36E684}.Release|Any CPU.ActiveCfg = Release|Any CPU
		{62B3237A-CDCA-4C37-B136-6261ED36E684}.Release|Any CPU.Build.0 = Release|Any CPU
		{5FAAB4D3-D959-4BF2-958A-59C12EE56FED}.Debug|Any CPU.ActiveCfg = Debug|Any CPU
		{5FAAB4D3-D959-4BF2-958A-59C12EE56FED}.Debug|Any CPU.Build.0 = Debug|Any CPU
		{5FAAB4D3-D959-4BF2-958A-59C12EE56FED}.Release|Any CPU.ActiveCfg = Release|Any CPU
		{5FAAB4D3-D959-4BF2-958A-59C12EE56FED}.Release|Any CPU.Build.0 = Release|Any CPU
	EndGlobalSection
	GlobalSection(SolutionProperties) = preSolution
		HideSolutionNode = FALSE
	EndGlobalSection
	GlobalSection(ExtensibilityGlobals) = postSolution
		SolutionGuid = {DCA498DB-A1B3-4F26-B273-490E6E8F92A8}
	EndGlobalSection
EndGlobal
